
Microsoft Visual Studio Solution File, Format Version 12.00
# Visual Studio 2012
Project("{FAE04EC0-301F-11D3-BF4B-00C04F79EFBC}") = "DroidMapping", "DroidMapping\DroidMapping.csproj", "{6BE84EF3-B965-44CA-B52D-2B476D5F1561}"
EndProject
Project("{FAE04EC0-301F-11D3-BF4B-00C04F79EFBC}") = "DroidMapping.UITests", "DroidMapping.UITests\DroidMapping.UITests.csproj", "{55A87FA3-2784-439F-8D94-1398B713FDA9}"
EndProject
Global
	GlobalSection(SolutionConfigurationPlatforms) = preSolution
		Debug|Any CPU = Debug|Any CPU
		Release|Any CPU = Release|Any CPU
	EndGlobalSection
	GlobalSection(ProjectConfigurationPlatforms) = postSolution
		{55A87FA3-2784-439F-8D94-1398B713FDA9}.Debug|Any CPU.ActiveCfg = Debug|Any CPU
		{55A87FA3-2784-439F-8D94-1398B713FDA9}.Debug|Any CPU.Build.0 = Debug|Any CPU
		{55A87FA3-2784-439F-8D94-1398B713FDA9}.Release|Any CPU.ActiveCfg = Release|Any CPU
		{55A87FA3-2784-439F-8D94-1398B713FDA9}.Release|Any CPU.Build.0 = Release|Any CPU
		{6BE84EF3-B965-44CA-B52D-2B476D5F1561}.Debug|Any CPU.ActiveCfg = Debug|Any CPU
		{6BE84EF3-B965-44CA-B52D-2B476D5F1561}.Debug|Any CPU.Build.0 = Debug|Any CPU
		{6BE84EF3-B965-44CA-B52D-2B476D5F1561}.Release|Any CPU.ActiveCfg = Release|Any CPU
		{6BE84EF3-B965-44CA-B52D-2B476D5F1561}.Release|Any CPU.Build.0 = Release|Any CPU
	EndGlobalSection
EndGlobal
